
Microsoft Visual Studio Solution File, Format Version 12.00
# Visual Studio Version 17
VisualStudioVersion = 17.4.33213.308
MinimumVisualStudioVersion = 10.0.40219.1
Project("{FAE04EC0-301F-11D3-BF4B-00C04F79EFBC}") = "ThreadPool", "ThreadPool\ThreadPool.csproj", "{BF9123BF-027E-4C74-A948-BC9AD43F90CD}"
EndProject
Global
	GlobalSection(SolutionConfigurationPlatforms) = preSolution
		Debug|Any CPU = Debug|Any CPU
		Release|Any CPU = Release|Any CPU
	EndGlobalSection
	GlobalSection(ProjectConfigurationPlatforms) = postSolution
		{BF9123BF-027E-4C74-A948-BC9AD43F90CD}.Debug|Any CPU.ActiveCfg = Debug|Any CPU
		{BF9123BF-027E-4C74-A948-BC9AD43F90CD}.Debug|Any CPU.Build.0 = Debug|Any CPU
		{BF9123BF-027E-4C74-A948-BC9AD43F90CD}.Release|Any CPU.ActiveCfg = Release|Any CPU
		{BF9123BF-027E-4C74-A948-BC9AD43F90CD}.Release|Any CPU.Build.0 = Release|Any CPU
	EndGlobalSection
	GlobalSection(SolutionProperties) = preSolution
		HideSolutionNode = FALSE
	EndGlobalSection
	GlobalSection(ExtensibilityGlobals) = postSolution
		SolutionGuid = {43DC31D6-06CA-40E5-86A4-3E13F57E33C6}
	EndGlobalSection
EndGlobal
